# THIS IS AN AUTOGENERATED FILE. DO NOT EDIT THIS FILE DIRECTLY.
# yarn lockfile v1


nan@^2.14.0, nan@^2.15.0:
  version "2.15.0"
  resolved "https://registry.yarnpkg.com/nan/-/nan-2.15.0.tgz#3f34a473ff18e15c1b5626b62903b5ad6e665fee"
  integrity sha512-8ZtvEnA2c5aYCZYd1cvgdnU6cqwixRoYg70xPLWUws5ORTa/lnw+u4amixRS/Ac5U5mQVgp9pnlSUnbNWFaWZQ==

tree-sitter-cli@^0.20.4:
  version "0.20.4"
  resolved "https://registry.yarnpkg.com/tree-sitter-cli/-/tree-sitter-cli-0.20.4.tgz#4b3fd16c8f1e0870bd428bcc3f2269b75ee97b96"
  integrity sha512-G42x0Ev7mxA8WLUfZY+two5LIhPf6R/m7qDZtKxOzE77zXi6didNI/vf17kHaKaRXJrWnyCxHFaVQFO2LL81yg==

"tree-sitter-html@github:tree-sitter/tree-sitter-html#d93af48":
  version "0.19.0"
  resolved "https://codeload.github.com/tree-sitter/tree-sitter-html/tar.gz/d93af487cc75120c89257195e6be46c999c6ba18"
  dependencies:
    nan "^2.14.0"
